
Microsoft Visual Studio Solution File, Format Version 12.00
# Visual Studio 15
VisualStudioVersion = 15.0.28010.2046
MinimumVisualStudioVersion = 10.0.40219.1
Project("{FAE04EC0-301F-11D3-BF4B-00C04F79EFBC}") = "PlatformLayer", "PlatformLayer\PlatformLayer.csproj", "{343792F2-8F96-4677-AE71-2FD9A0595A88}"
	ProjectSection(ProjectDependencies) = postProject
		{7D67509B-0D3A-44B6-9EA3-5A931ED557BA} = {7D67509B-0D3A-44B6-9EA3-5A931ED557BA}
	EndProjectSection
EndProject
Project("{FAE04EC0-301F-11D3-BF4B-00C04F79EFBC}") = "GameLogic", "GameLogic\GameLogic.csproj", "{7D67509B-0D3A-44B6-9EA3-5A931ED557BA}"
EndProject
Global
	GlobalSection(SolutionConfigurationPlatforms) = preSolution
		Debug|Any CPU = Debug|Any CPU
		Debug|x86 = Debug|x86
		Release|Any CPU = Release|Any CPU
		Release|x86 = Release|x86
	EndGlobalSection
	GlobalSection(ProjectConfigurationPlatforms) = postSolution
		{343792F2-8F96-4677-AE71-2FD9A0595A88}.Debug|Any CPU.ActiveCfg = Debug|x86
		{343792F2-8F96-4677-AE71-2FD9A0595A88}.Debug|x86.ActiveCfg = Debug|x86
		{343792F2-8F96-4677-AE71-2FD9A0595A88}.Debug|x86.Build.0 = Debug|x86
		{343792F2-8F96-4677-AE71-2FD9A0595A88}.Release|Any CPU.ActiveCfg = Release|x86
		{343792F2-8F96-4677-AE71-2FD9A0595A88}.Release|x86.ActiveCfg = Release|x86
		{343792F2-8F96-4677-AE71-2FD9A0595A88}.Release|x86.Build.0 = Release|x86
		{7D67509B-0D3A-44B6-9EA3-5A931ED557BA}.Debug|Any CPU.ActiveCfg = Debug|Any CPU
		{7D67509B-0D3A-44B6-9EA3-5A931ED557BA}.Debug|Any CPU.Build.0 = Debug|Any CPU
		{7D67509B-0D3A-44B6-9EA3-5A931ED557BA}.Debug|x86.ActiveCfg = Debug|Any CPU
		{7D67509B-0D3A-44B6-9EA3-5A931ED557BA}.Debug|x86.Build.0 = Debug|Any CPU
		{7D67509B-0D3A-44B6-9EA3-5A931ED557BA}.Release|Any CPU.ActiveCfg = Release|Any CPU
		{7D67509B-0D3A-44B6-9EA3-5A931ED557BA}.Release|Any CPU.Build.0 = Release|Any CPU
		{7D67509B-0D3A-44B6-9EA3-5A931ED557BA}.Release|x86.ActiveCfg = Release|Any CPU
		{7D67509B-0D3A-44B6-9EA3-5A931ED557BA}.Release|x86.Build.0 = Release|Any CPU
	EndGlobalSection
	GlobalSection(SolutionProperties) = preSolution
		HideSolutionNode = FALSE
	EndGlobalSection
	GlobalSection(ExtensibilityGlobals) = postSolution
		SolutionGuid = {2C7982F0-3410-4CD9-981B-F15E49C94247}
	EndGlobalSection
EndGlobal
